
Microsoft Visual Studio Solution File, Format Version 12.00
# Visual Studio Version 17
VisualStudioVersion = 17.11.35312.102
MinimumVisualStudioVersion = 10.0.40219.1
Project("{9A19103F-16F7-4668-BE54-9A1E7A4F7556}") = "PhoenixDDD", "PhoenixDDD\PhoenixDDD.csproj", "{5DE28CD3-8C1F-416A-A72E-E9A8435BAB32}"
EndProject
Project("{2150E333-8FDC-42A3-9474-1A3956D46DE8}") = "Domain", "Domain", "{1F3F96A6-C0DA-422F-9BFC-8A69E54DAE4E}"
EndProject
Project("{2150E333-8FDC-42A3-9474-1A3956D46DE8}") = "BuildingBlocks", "BuildingBlocks", "{981BBC9D-AF86-408A-8209-90BF4898458C}"
EndProject
Project("{9A19103F-16F7-4668-BE54-9A1E7A4F7556}") = "BuildingBlocks", "Infrastructure\BuildingBlocks.csproj", "{9B170EEA-FA66-4AAF-B23F-184C5870380D}"
EndProject
Project("{9A19103F-16F7-4668-BE54-9A1E7A4F7556}") = "Tender", "Tender\Tender.csproj", "{943C1647-64F2-4767-AFE2-0DAE40B0AEDD}"
EndProject
Project("{9A19103F-16F7-4668-BE54-9A1E7A4F7556}") = "SharedIdentity", "SharedIdentity\SharedIdentity.csproj", "{0DE157B7-6FA0-4BEE-AB2A-CE847051B21A}"
EndProject
Project("{9A19103F-16F7-4668-BE54-9A1E7A4F7556}") = "Contractor", "Contractor\Contractor.csproj", "{04AA3800-A5E0-472C-BE89-AEEA5171EE0F}"
EndProject
Project("{2150E333-8FDC-42A3-9474-1A3956D46DE8}") = "Application", "Application", "{428A16EB-8720-4A93-89B1-C2DC5E839186}"
EndProject
Project("{9A19103F-16F7-4668-BE54-9A1E7A4F7556}") = "Application", "Application\Application.csproj", "{105A1E56-B5C6-495F-AB17-DE43B7010C33}"
EndProject
Project("{2150E333-8FDC-42A3-9474-1A3956D46DE8}") = "Infrastructure", "Infrastructure", "{1C9937BA-A7A6-4806-A194-B623D0EB684B}"
EndProject
Project("{FAE04EC0-301F-11D3-BF4B-00C04F79EFBC}") = "Services", "Services\Services.csproj", "{8DCF0C70-A657-4A1F-90E9-AEE724DA2991}"
EndProject
Project("{FAE04EC0-301F-11D3-BF4B-00C04F79EFBC}") = "Persistence", "Persistence\Persistence.csproj", "{FF232C88-EE51-49EB-A873-BAFB68C0481A}"
EndProject
Project("{FAE04EC0-301F-11D3-BF4B-00C04F79EFBC}") = "Repositories", "Repositories\Repositories.csproj", "{E914F1C5-D476-4661-BF83-6A6019A36A65}"
EndProject
Global
	GlobalSection(SolutionConfigurationPlatforms) = preSolution
		Debug|Any CPU = Debug|Any CPU
		Release|Any CPU = Release|Any CPU
	EndGlobalSection
	GlobalSection(ProjectConfigurationPlatforms) = postSolution
		{5DE28CD3-8C1F-416A-A72E-E9A8435BAB32}.Debug|Any CPU.ActiveCfg = Debug|Any CPU
		{5DE28CD3-8C1F-416A-A72E-E9A8435BAB32}.Debug|Any CPU.Build.0 = Debug|Any CPU
		{5DE28CD3-8C1F-416A-A72E-E9A8435BAB32}.Release|Any CPU.ActiveCfg = Release|Any CPU
		{5DE28CD3-8C1F-416A-A72E-E9A8435BAB32}.Release|Any CPU.Build.0 = Release|Any CPU
		{9B170EEA-FA66-4AAF-B23F-184C5870380D}.Debug|Any CPU.ActiveCfg = Debug|Any CPU
		{9B170EEA-FA66-4AAF-B23F-184C5870380D}.Debug|Any CPU.Build.0 = Debug|Any CPU
		{9B170EEA-FA66-4AAF-B23F-184C5870380D}.Release|Any CPU.ActiveCfg = Release|Any CPU
		{9B170EEA-FA66-4AAF-B23F-184C5870380D}.Release|Any CPU.Build.0 = Release|Any CPU
		{943C1647-64F2-4767-AFE2-0DAE40B0AEDD}.Debug|Any CPU.ActiveCfg = Debug|Any CPU
		{943C1647-64F2-4767-AFE2-0DAE40B0AEDD}.Debug|Any CPU.Build.0 = Debug|Any CPU
		{943C1647-64F2-4767-AFE2-0DAE40B0AEDD}.Release|Any CPU.ActiveCfg = Release|Any CPU
		{943C1647-64F2-4767-AFE2-0DAE40B0AEDD}.Release|Any CPU.Build.0 = Release|Any CPU
		{0DE157B7-6FA0-4BEE-AB2A-CE847051B21A}.Debug|Any CPU.ActiveCfg = Debug|Any CPU
		{0DE157B7-6FA0-4BEE-AB2A-CE847051B21A}.Debug|Any CPU.Build.0 = Debug|Any CPU
		{0DE157B7-6FA0-4BEE-AB2A-CE847051B21A}.Release|Any CPU.ActiveCfg = Release|Any CPU
		{0DE157B7-6FA0-4BEE-AB2A-CE847051B21A}.Release|Any CPU.Build.0 = Release|Any CPU
		{04AA3800-A5E0-472C-BE89-AEEA5171EE0F}.Debug|Any CPU.ActiveCfg = Debug|Any CPU
		{04AA3800-A5E0-472C-BE89-AEEA5171EE0F}.Debug|Any CPU.Build.0 = Debug|Any CPU
		{04AA3800-A5E0-472C-BE89-AEEA5171EE0F}.Release|Any CPU.ActiveCfg = Release|Any CPU
		{04AA3800-A5E0-472C-BE89-AEEA5171EE0F}.Release|Any CPU.Build.0 = Release|Any CPU
		{105A1E56-B5C6-495F-AB17-DE43B7010C33}.Debug|Any CPU.ActiveCfg = Debug|Any CPU
		{105A1E56-B5C6-495F-AB17-DE43B7010C33}.Debug|Any CPU.Build.0 = Debug|Any CPU
		{105A1E56-B5C6-495F-AB17-DE43B7010C33}.Release|Any CPU.ActiveCfg = Release|Any CPU
		{105A1E56-B5C6-495F-AB17-DE43B7010C33}.Release|Any CPU.Build.0 = Release|Any CPU
		{8DCF0C70-A657-4A1F-90E9-AEE724DA2991}.Debug|Any CPU.ActiveCfg = Debug|Any CPU
		{8DCF0C70-A657-4A1F-90E9-AEE724DA2991}.Debug|Any CPU.Build.0 = Debug|Any CPU
		{8DCF0C70-A657-4A1F-90E9-AEE724DA2991}.Release|Any CPU.ActiveCfg = Release|Any CPU
		{8DCF0C70-A657-4A1F-90E9-AEE724DA2991}.Release|Any CPU.Build.0 = Release|Any CPU
		{FF232C88-EE51-49EB-A873-BAFB68C0481A}.Debug|Any CPU.ActiveCfg = Debug|Any CPU
		{FF232C88-EE51-49EB-A873-BAFB68C0481A}.Debug|Any CPU.Build.0 = Debug|Any CPU
		{FF232C88-EE51-49EB-A873-BAFB68C0481A}.Release|Any CPU.ActiveCfg = Release|Any CPU
		{FF232C88-EE51-49EB-A873-BAFB68C0481A}.Release|Any CPU.Build.0 = Release|Any CPU
		{E914F1C5-D476-4661-BF83-6A6019A36A65}.Debug|Any CPU.ActiveCfg = Debug|Any CPU
		{E914F1C5-D476-4661-BF83-6A6019A36A65}.Debug|Any CPU.Build.0 = Debug|Any CPU
		{E914F1C5-D476-4661-BF83-6A6019A36A65}.Release|Any CPU.ActiveCfg = Release|Any CPU
		{E914F1C5-D476-4661-BF83-6A6019A36A65}.Release|Any CPU.Build.0 = Release|Any CPU
	EndGlobalSection
	GlobalSection(SolutionProperties) = preSolution
		HideSolutionNode = FALSE
	EndGlobalSection
	GlobalSection(NestedProjects) = preSolution
		{9B170EEA-FA66-4AAF-B23F-184C5870380D} = {981BBC9D-AF86-408A-8209-90BF4898458C}
		{943C1647-64F2-4767-AFE2-0DAE40B0AEDD} = {1F3F96A6-C0DA-422F-9BFC-8A69E54DAE4E}
		{0DE157B7-6FA0-4BEE-AB2A-CE847051B21A} = {1F3F96A6-C0DA-422F-9BFC-8A69E54DAE4E}
		{04AA3800-A5E0-472C-BE89-AEEA5171EE0F} = {1F3F96A6-C0DA-422F-9BFC-8A69E54DAE4E}
		{105A1E56-B5C6-495F-AB17-DE43B7010C33} = {428A16EB-8720-4A93-89B1-C2DC5E839186}
		{8DCF0C70-A657-4A1F-90E9-AEE724DA2991} = {1C9937BA-A7A6-4806-A194-B623D0EB684B}
		{FF232C88-EE51-49EB-A873-BAFB68C0481A} = {1C9937BA-A7A6-4806-A194-B623D0EB684B}
		{E914F1C5-D476-4661-BF83-6A6019A36A65} = {1C9937BA-A7A6-4806-A194-B623D0EB684B}
	EndGlobalSection
	GlobalSection(ExtensibilityGlobals) = postSolution
		SolutionGuid = {BE2A886E-D5DB-4952-8F31-4930B62AC733}
	EndGlobalSection
EndGlobal
